
Microsoft Visual Studio Solution File, Format Version 12.00
# Visual Studio 15
VisualStudioVersion = 15.0.28307.1684
MinimumVisualStudioVersion = 10.0.40219.1
Project("{FAE04EC0-301F-11D3-BF4B-00C04F79EFBC}") = "ConsoleApp2", "ConsoleApp2\ConsoleApp2.csproj", "{121CF53B-15EC-4658-93EF-F7B8A658DA51}"
EndProject
Global
	GlobalSection(SolutionConfigurationPlatforms) = preSolution
		Debug|Any CPU = Debug|Any CPU
		Release|Any CPU = Release|Any CPU
	EndGlobalSection
	GlobalSection(ProjectConfigurationPlatforms) = postSolution
		{121CF53B-15EC-4658-93EF-F7B8A658DA51}.Debug|Any CPU.ActiveCfg = Debug|Any CPU
		{121CF53B-15EC-4658-93EF-F7B8A658DA51}.Debug|Any CPU.Build.0 = Debug|Any CPU
		{121CF53B-15EC-4658-93EF-F7B8A658DA51}.Release|Any CPU.ActiveCfg = Release|Any CPU
		{121CF53B-15EC-4658-93EF-F7B8A658DA51}.Release|Any CPU.Build.0 = Release|Any CPU
	EndGlobalSection
	GlobalSection(SolutionProperties) = preSolution
		HideSolutionNode = FALSE
	EndGlobalSection
	GlobalSection(ExtensibilityGlobals) = postSolution
		SolutionGuid = {1EBEC88F-1BA6-4A05-80CF-7DDF6216BC57}
	EndGlobalSection
EndGlobal
